
Microsoft Visual Studio Solution File, Format Version 12.00
# Visual Studio Version 16
VisualStudioVersion = 16.0.29920.165
MinimumVisualStudioVersion = 10.0.40219.1
Project("{FAE04EC0-301F-11D3-BF4B-00C04F79EFBC}") = "Tokenme", "Tokenme\Tokenme.csproj", "{55D02061-E726-45CA-B09A-00C08FAC051B}"
EndProject
Global
	GlobalSection(SolutionConfigurationPlatforms) = preSolution
		Debug|Any CPU = Debug|Any CPU
		Release|Any CPU = Release|Any CPU
	EndGlobalSection
	GlobalSection(ProjectConfigurationPlatforms) = postSolution
		{55D02061-E726-45CA-B09A-00C08FAC051B}.Debug|Any CPU.ActiveCfg = Debug|Any CPU
		{55D02061-E726-45CA-B09A-00C08FAC051B}.Debug|Any CPU.Build.0 = Debug|Any CPU
		{55D02061-E726-45CA-B09A-00C08FAC051B}.Release|Any CPU.ActiveCfg = Release|Any CPU
		{55D02061-E726-45CA-B09A-00C08FAC051B}.Release|Any CPU.Build.0 = Release|Any CPU
	EndGlobalSection
	GlobalSection(SolutionProperties) = preSolution
		HideSolutionNode = FALSE
	EndGlobalSection
	GlobalSection(ExtensibilityGlobals) = postSolution
		SolutionGuid = {F9E4E721-4D4F-4A03-8B43-020B48EA1852}
	EndGlobalSection
EndGlobal
